
Microsoft Visual Studio Solution File, Format Version 11.00
# Visual Studio 2010
Project("{FAE04EC0-301F-11D3-BF4B-00C04F79EFBC}") = "YahooFantasyFootballTools", "YahooFantasyFootballTools\YahooFantasyFootballTools.csproj", "{495AC215-D4B1-444C-B6FE-A25C8B71EE61}"
EndProject
Project("{FAE04EC0-301F-11D3-BF4B-00C04F79EFBC}") = "YahooFantasyFootballTools.Tests", "YahooFantasyFootballTools.Tests\YahooFantasyFootballTools.Tests.csproj", "{D8CF513C-782D-4AE4-A675-157A571B487B}"
EndProject
Global
	GlobalSection(SolutionConfigurationPlatforms) = preSolution
		Debug|Any CPU = Debug|Any CPU
		Release|Any CPU = Release|Any CPU
	EndGlobalSection
	GlobalSection(ProjectConfigurationPlatforms) = postSolution
		{495AC215-D4B1-444C-B6FE-A25C8B71EE61}.Debug|Any CPU.ActiveCfg = Debug|Any CPU
		{495AC215-D4B1-444C-B6FE-A25C8B71EE61}.Debug|Any CPU.Build.0 = Debug|Any CPU
		{495AC215-D4B1-444C-B6FE-A25C8B71EE61}.Release|Any CPU.ActiveCfg = Release|Any CPU
		{495AC215-D4B1-444C-B6FE-A25C8B71EE61}.Release|Any CPU.Build.0 = Release|Any CPU
		{D8CF513C-782D-4AE4-A675-157A571B487B}.Debug|Any CPU.ActiveCfg = Debug|Any CPU
		{D8CF513C-782D-4AE4-A675-157A571B487B}.Debug|Any CPU.Build.0 = Debug|Any CPU
		{D8CF513C-782D-4AE4-A675-157A571B487B}.Release|Any CPU.ActiveCfg = Release|Any CPU
		{D8CF513C-782D-4AE4-A675-157A571B487B}.Release|Any CPU.Build.0 = Release|Any CPU
	EndGlobalSection
	GlobalSection(SolutionProperties) = preSolution
		HideSolutionNode = FALSE
	EndGlobalSection
EndGlobal
